
Microsoft Visual Studio Solution File, Format Version 12.00
# Visual Studio Version 17
VisualStudioVersion = 17.8.34330.188
MinimumVisualStudioVersion = 10.0.40219.1
Project("{FAE04EC0-301F-11D3-BF4B-00C04F79EFBC}") = "consoleMail", "consoleMail.csproj", "{F67A829A-B5AA-461B-8822-D65C23BBABCB}"
EndProject
Project("{FAE04EC0-301F-11D3-BF4B-00C04F79EFBC}") = "consoleMailSever", "..\consoleMailSever\consoleMailSever.csproj", "{566BEF87-D826-4EE8-BA9B-2C2D39B5EEBB}"
EndProject
Global
	GlobalSection(SolutionConfigurationPlatforms) = preSolution
		Debug|Any CPU = Debug|Any CPU
		Release|Any CPU = Release|Any CPU
	EndGlobalSection
	GlobalSection(ProjectConfigurationPlatforms) = postSolution
		{F67A829A-B5AA-461B-8822-D65C23BBABCB}.Debug|Any CPU.ActiveCfg = Debug|Any CPU
		{F67A829A-B5AA-461B-8822-D65C23BBABCB}.Debug|Any CPU.Build.0 = Debug|Any CPU
		{F67A829A-B5AA-461B-8822-D65C23BBABCB}.Release|Any CPU.ActiveCfg = Release|Any CPU
		{F67A829A-B5AA-461B-8822-D65C23BBABCB}.Release|Any CPU.Build.0 = Release|Any CPU
		{566BEF87-D826-4EE8-BA9B-2C2D39B5EEBB}.Debug|Any CPU.ActiveCfg = Debug|Any CPU
		{566BEF87-D826-4EE8-BA9B-2C2D39B5EEBB}.Debug|Any CPU.Build.0 = Debug|Any CPU
		{566BEF87-D826-4EE8-BA9B-2C2D39B5EEBB}.Release|Any CPU.ActiveCfg = Release|Any CPU
		{566BEF87-D826-4EE8-BA9B-2C2D39B5EEBB}.Release|Any CPU.Build.0 = Release|Any CPU
	EndGlobalSection
	GlobalSection(SolutionProperties) = preSolution
		HideSolutionNode = FALSE
	EndGlobalSection
	GlobalSection(ExtensibilityGlobals) = postSolution
		SolutionGuid = {47C168ED-E088-407A-ABFA-FB650757C5DA}
	EndGlobalSection
EndGlobal
